
Microsoft Visual Studio Solution File, Format Version 12.00
# Visual Studio 2012
Project("{FAE04EC0-301F-11D3-BF4B-00C04F79EFBC}") = "GERALD", "GERALD\GERALD.csproj", "{1DBF3914-376B-4541-90A0-76E02CBD2506}"
EndProject
Project("{FAE04EC0-301F-11D3-BF4B-00C04F79EFBC}") = "GERALD.Jira", "GERALD..Jira\GERALD.Jira.csproj", "{283ABBDF-84E6-4BE1-9CC1-CC53DEEB57F9}"
EndProject
Project("{FAE04EC0-301F-11D3-BF4B-00C04F79EFBC}") = "GERALD.JiraClient", "GERALD.JiraClient\GERALD.JiraClient.csproj", "{17C410D5-1BD9-4B53-84AC-9B6A55A2E9A4}"
EndProject
Project("{FAE04EC0-301F-11D3-BF4B-00C04F79EFBC}") = "GERALD.Config", "GERALD.Config\GERALD.Config.csproj", "{4770E13A-5202-4C01-9FC8-058D07D37C31}"
EndProject
Project("{FAE04EC0-301F-11D3-BF4B-00C04F79EFBC}") = "GERALD.Logging", "GERALD.Logging\GERALD.Logging.csproj", "{F9694D77-61F7-4F58-9CFC-9E475D8ED3A7}"
EndProject
Project("{FAE04EC0-301F-11D3-BF4B-00C04F79EFBC}") = "GERALD.Steps", "GERALD.Steps\GERALD.Steps.csproj", "{986BE409-224E-4196-9B6D-9450382B24E4}"
EndProject
Project("{FAE04EC0-301F-11D3-BF4B-00C04F79EFBC}") = "GERALD.Pages", "GERALD.Pages\GERALD.Pages.csproj", "{45EA7FE9-901C-461D-9282-EF62A4C0061F}"
EndProject
Project("{FAE04EC0-301F-11D3-BF4B-00C04F79EFBC}") = "GERALD.Data", "GERALD.Data\GERALD.Data.csproj", "{EF973631-CE34-4252-9A17-2E5B4A4D278E}"
EndProject
Project("{2150E333-8FDC-42A3-9474-1A3956D46DE8}") = ".nuget", ".nuget", "{A0F09F7D-E041-4398-B4BD-E092D3391D71}"
	ProjectSection(SolutionItems) = preProject
		.nuget\NuGet.Config = .nuget\NuGet.Config
		.nuget\NuGet.exe = .nuget\NuGet.exe
		.nuget\NuGet.targets = .nuget\NuGet.targets
	EndProjectSection
EndProject
Global
	GlobalSection(SolutionConfigurationPlatforms) = preSolution
		Debug|Any CPU = Debug|Any CPU
		Release|Any CPU = Release|Any CPU
		UAT|Any CPU = UAT|Any CPU
	EndGlobalSection
	GlobalSection(ProjectConfigurationPlatforms) = postSolution
		{1DBF3914-376B-4541-90A0-76E02CBD2506}.Debug|Any CPU.ActiveCfg = Debug|Any CPU
		{1DBF3914-376B-4541-90A0-76E02CBD2506}.Debug|Any CPU.Build.0 = Debug|Any CPU
		{1DBF3914-376B-4541-90A0-76E02CBD2506}.Release|Any CPU.ActiveCfg = Release|Any CPU
		{1DBF3914-376B-4541-90A0-76E02CBD2506}.Release|Any CPU.Build.0 = Release|Any CPU
		{1DBF3914-376B-4541-90A0-76E02CBD2506}.UAT|Any CPU.ActiveCfg = UAT|Any CPU
		{1DBF3914-376B-4541-90A0-76E02CBD2506}.UAT|Any CPU.Build.0 = UAT|Any CPU
		{283ABBDF-84E6-4BE1-9CC1-CC53DEEB57F9}.Debug|Any CPU.ActiveCfg = Debug|Any CPU
		{283ABBDF-84E6-4BE1-9CC1-CC53DEEB57F9}.Debug|Any CPU.Build.0 = Debug|Any CPU
		{283ABBDF-84E6-4BE1-9CC1-CC53DEEB57F9}.Release|Any CPU.ActiveCfg = Release|Any CPU
		{283ABBDF-84E6-4BE1-9CC1-CC53DEEB57F9}.Release|Any CPU.Build.0 = Release|Any CPU
		{283ABBDF-84E6-4BE1-9CC1-CC53DEEB57F9}.UAT|Any CPU.ActiveCfg = UAT|Any CPU
		{283ABBDF-84E6-4BE1-9CC1-CC53DEEB57F9}.UAT|Any CPU.Build.0 = UAT|Any CPU
		{17C410D5-1BD9-4B53-84AC-9B6A55A2E9A4}.Debug|Any CPU.ActiveCfg = Debug|Any CPU
		{17C410D5-1BD9-4B53-84AC-9B6A55A2E9A4}.Debug|Any CPU.Build.0 = Debug|Any CPU
		{17C410D5-1BD9-4B53-84AC-9B6A55A2E9A4}.Release|Any CPU.ActiveCfg = Release|Any CPU
		{17C410D5-1BD9-4B53-84AC-9B6A55A2E9A4}.Release|Any CPU.Build.0 = Release|Any CPU
		{17C410D5-1BD9-4B53-84AC-9B6A55A2E9A4}.UAT|Any CPU.ActiveCfg = UAT|Any CPU
		{17C410D5-1BD9-4B53-84AC-9B6A55A2E9A4}.UAT|Any CPU.Build.0 = UAT|Any CPU
		{4770E13A-5202-4C01-9FC8-058D07D37C31}.Debug|Any CPU.ActiveCfg = Debug|Any CPU
		{4770E13A-5202-4C01-9FC8-058D07D37C31}.Debug|Any CPU.Build.0 = Debug|Any CPU
		{4770E13A-5202-4C01-9FC8-058D07D37C31}.Release|Any CPU.ActiveCfg = Release|Any CPU
		{4770E13A-5202-4C01-9FC8-058D07D37C31}.Release|Any CPU.Build.0 = Release|Any CPU
		{4770E13A-5202-4C01-9FC8-058D07D37C31}.UAT|Any CPU.ActiveCfg = UAT|Any CPU
		{4770E13A-5202-4C01-9FC8-058D07D37C31}.UAT|Any CPU.Build.0 = UAT|Any CPU
		{F9694D77-61F7-4F58-9CFC-9E475D8ED3A7}.Debug|Any CPU.ActiveCfg = Debug|Any CPU
		{F9694D77-61F7-4F58-9CFC-9E475D8ED3A7}.Debug|Any CPU.Build.0 = Debug|Any CPU
		{F9694D77-61F7-4F58-9CFC-9E475D8ED3A7}.Release|Any CPU.ActiveCfg = Release|Any CPU
		{F9694D77-61F7-4F58-9CFC-9E475D8ED3A7}.Release|Any CPU.Build.0 = Release|Any CPU
		{F9694D77-61F7-4F58-9CFC-9E475D8ED3A7}.UAT|Any CPU.ActiveCfg = UAT|Any CPU
		{F9694D77-61F7-4F58-9CFC-9E475D8ED3A7}.UAT|Any CPU.Build.0 = UAT|Any CPU
		{986BE409-224E-4196-9B6D-9450382B24E4}.Debug|Any CPU.ActiveCfg = Debug|Any CPU
		{986BE409-224E-4196-9B6D-9450382B24E4}.Debug|Any CPU.Build.0 = Debug|Any CPU
		{986BE409-224E-4196-9B6D-9450382B24E4}.Release|Any CPU.ActiveCfg = Release|Any CPU
		{986BE409-224E-4196-9B6D-9450382B24E4}.Release|Any CPU.Build.0 = Release|Any CPU
		{986BE409-224E-4196-9B6D-9450382B24E4}.UAT|Any CPU.ActiveCfg = UAT|Any CPU
		{986BE409-224E-4196-9B6D-9450382B24E4}.UAT|Any CPU.Build.0 = UAT|Any CPU
		{45EA7FE9-901C-461D-9282-EF62A4C0061F}.Debug|Any CPU.ActiveCfg = Debug|Any CPU
		{45EA7FE9-901C-461D-9282-EF62A4C0061F}.Debug|Any CPU.Build.0 = Debug|Any CPU
		{45EA7FE9-901C-461D-9282-EF62A4C0061F}.Release|Any CPU.ActiveCfg = Release|Any CPU
		{45EA7FE9-901C-461D-9282-EF62A4C0061F}.Release|Any CPU.Build.0 = Release|Any CPU
		{45EA7FE9-901C-461D-9282-EF62A4C0061F}.UAT|Any CPU.ActiveCfg = UAT|Any CPU
		{45EA7FE9-901C-461D-9282-EF62A4C0061F}.UAT|Any CPU.Build.0 = UAT|Any CPU
		{EF973631-CE34-4252-9A17-2E5B4A4D278E}.Debug|Any CPU.ActiveCfg = Debug|Any CPU
		{EF973631-CE34-4252-9A17-2E5B4A4D278E}.Debug|Any CPU.Build.0 = Debug|Any CPU
		{EF973631-CE34-4252-9A17-2E5B4A4D278E}.Release|Any CPU.ActiveCfg = Release|Any CPU
		{EF973631-CE34-4252-9A17-2E5B4A4D278E}.Release|Any CPU.Build.0 = Release|Any CPU
		{EF973631-CE34-4252-9A17-2E5B4A4D278E}.UAT|Any CPU.ActiveCfg = Release|Any CPU
		{EF973631-CE34-4252-9A17-2E5B4A4D278E}.UAT|Any CPU.Build.0 = Release|Any CPU
	EndGlobalSection
	GlobalSection(SolutionProperties) = preSolution
		HideSolutionNode = FALSE
	EndGlobalSection
EndGlobal
